PODS:
  - DLCryptoKit (2.0.1):
    - DLOpenSSL
  - DLOpenSSL (1.0.2)

DEPENDENCIES:
  - DLCryptoKit (from `../`)

SPEC REPOS:
  "git@github.com:tokend/ios-specs.git":
    - DLOpenSSL

EXTERNAL SOURCES:
  DLCryptoKit:
    :path: "../"

SPEC CHECKSUMS:
  DLCryptoKit: a383c47acdcecb05d13c75d593d4a6a4cc63f96a
  DLOpenSSL: 78d928228cb6d95fcaa354f4f9aba041ccf95457

PODFILE CHECKSUM: 42b8c7f71b2a46450b74cc83fdaad091af80e580

COCOAPODS: 1.6.1
