PODS:
  - DLCryptoKit (1.0.1):
    - DLCryptoKit/AES256 (= 1.0.1)
    - DLCryptoKit/ECDSA (= 1.0.1)
    - DLCryptoKit/TokenDKDF (= 1.0.1)
    - DLOpenSSL
    - libsodium
  - DLCryptoKit/AES256 (1.0.1):
    - DLOpenSSL
    - libsodium
  - DLCryptoKit/ECDSA (1.0.1):
    - DLOpenSSL
    - libsodium
  - DLCryptoKit/TokenDKDF (1.0.1):
    - DLOpenSSL
    - libsodium
  - DLOpenSSL (1.0)
  - libsodium (1.0.12)

DEPENDENCIES:
  - DLCryptoKit (from `../`)

SPEC REPOS:
  "git@github.com:tokend/ios-specs.git":
    - DLOpenSSL
  https://github.com/cocoapods/specs.git:
    - libsodium

EXTERNAL SOURCES:
  DLCryptoKit:
    :path: "../"

SPEC CHECKSUMS:
  DLCryptoKit: 4f990dec196f9cbf5c49f0d2972ed7e9c402364a
  DLOpenSSL: e7f152c7108fcf5dcec54b46ecfd22051bd941aa
  libsodium: 9a8faa5ef2fa0d2d57bd7f7d79bf8fb7c1a9f0ea

PODFILE CHECKSUM: a7fc878955aeafba8a50f77935b88ca45bc2621e

COCOAPODS: 1.5.3
